{
  "name": "resource_api",
  "lockfileVersion": 2,
  "requires": true,
  "packages": {
    "": {
      "name": "resource_api",
      "dependencies": {
        "check-disk-space": "^3.4.0",
        "diskusage": "^1.2.0"
      },
      "devDependencies": {
        "bun-types": "latest"
      },
      "peerDependencies": {
        "typescript": "^5.0.0"
      }
    },
    "node_modules/bun-types": {
      "version": "1.0.4-canary.20231004T140131",
      "resolved": "https://registry.npmjs.org/bun-types/-/bun-types-1.0.4-canary.20231004T140131.tgz",
      "integrity": "sha512-k9DSGP8+mJTJHY/87Q2NqixeXRw04mgIHDSIi29D/bhOu7HqZbO1l+48/aiS8miUpj59ZgJVgpSi+Px33yMCJQ==",
      "dev": true
    },
    "node_modules/check-disk-space": {
      "version": "3.4.0",
      "resolved": "https://registry.npmjs.org/check-disk-space/-/check-disk-space-3.4.0.tgz",
      "integrity": "sha512-drVkSqfwA+TvuEhFipiR1OC9boEGZL5RrWvVsOthdcvQNXyCCuKkEiTOTXZ7qxSf/GLwq4GvzfrQD/Wz325hgw==",
      "engines": {
        "node": ">=16"
      }
    },
    "node_modules/diskusage": {
      "version": "1.2.0",
      "resolved": "https://registry.npmjs.org/diskusage/-/diskusage-1.2.0.tgz",
      "integrity": "sha512-2u3OG3xuf5MFyzc4MctNRUKjjwK+UkovRYdD2ed/NZNZPrt0lqHnLKxGhlFVvAb4/oufIgQG3nWgwmeTbHOvXA==",
      "hasInstallScript": true,
      "dependencies": {
        "es6-promise": "^4.2.8",
        "nan": "^2.18.0"
      }
    },
    "node_modules/es6-promise": {
      "version": "4.2.8",
      "resolved": "https://registry.npmjs.org/es6-promise/-/es6-promise-4.2.8.tgz",
      "integrity": "sha512-HJDGx5daxeIvxdBxvG2cb9g4tEvwIk3i8+nhX0yGrYmZUzbkdg8QbDevheDB8gd0//uPj4c1EQua8Q+MViT0/w=="
    },
    "node_modules/nan": {
      "version": "2.18.0",
      "resolved": "https://registry.npmjs.org/nan/-/nan-2.18.0.tgz",
      "integrity": "sha512-W7tfG7vMOGtD30sHoZSSc/JVYiyDPEyQVso/Zz+/uQd0B0L46gtC+pHha5FFMRpil6fm/AoEcRWyOVi4+E/f8w=="
    },
    "node_modules/typescript": {
      "version": "5.2.2",
      "resolved": "https://registry.npmjs.org/typescript/-/typescript-5.2.2.tgz",
      "integrity": "sha512-mI4WrpHsbCIcwT9cF4FZvr80QUeKvsUsUvKDoR+X/7XHQH98xYD8YHZg7ANtz2GtZt/CBq2QJ0thkGJMHfqc1w==",
      "peer": true,
      "bin": {
        "tsc": "bin/tsc",
        "tsserver": "bin/tsserver"
      },
      "engines": {
        "node": ">=14.17"
      }
    }
  },
  "dependencies": {
    "bun-types": {
      "version": "1.0.4-canary.20231004T140131",
      "resolved": "https://registry.npmjs.org/bun-types/-/bun-types-1.0.4-canary.20231004T140131.tgz",
      "integrity": "sha512-k9DSGP8+mJTJHY/87Q2NqixeXRw04mgIHDSIi29D/bhOu7HqZbO1l+48/aiS8miUpj59ZgJVgpSi+Px33yMCJQ==",
      "dev": true
    },
    "check-disk-space": {
      "version": "3.4.0",
      "resolved": "https://registry.npmjs.org/check-disk-space/-/check-disk-space-3.4.0.tgz",
      "integrity": "sha512-drVkSqfwA+TvuEhFipiR1OC9boEGZL5RrWvVsOthdcvQNXyCCuKkEiTOTXZ7qxSf/GLwq4GvzfrQD/Wz325hgw=="
    },
    "diskusage": {
      "version": "1.2.0",
      "resolved": "https://registry.npmjs.org/diskusage/-/diskusage-1.2.0.tgz",
      "integrity": "sha512-2u3OG3xuf5MFyzc4MctNRUKjjwK+UkovRYdD2ed/NZNZPrt0lqHnLKxGhlFVvAb4/oufIgQG3nWgwmeTbHOvXA==",
      "requires": {
        "es6-promise": "^4.2.8",
        "nan": "^2.18.0"
      }
    },
    "es6-promise": {
      "version": "4.2.8",
      "resolved": "https://registry.npmjs.org/es6-promise/-/es6-promise-4.2.8.tgz",
      "integrity": "sha512-HJDGx5daxeIvxdBxvG2cb9g4tEvwIk3i8+nhX0yGrYmZUzbkdg8QbDevheDB8gd0//uPj4c1EQua8Q+MViT0/w=="
    },
    "nan": {
      "version": "2.18.0",
      "resolved": "https://registry.npmjs.org/nan/-/nan-2.18.0.tgz",
      "integrity": "sha512-W7tfG7vMOGtD30sHoZSSc/JVYiyDPEyQVso/Zz+/uQd0B0L46gtC+pHha5FFMRpil6fm/AoEcRWyOVi4+E/f8w=="
    },
    "typescript": {
      "version": "5.2.2",
      "resolved": "https://registry.npmjs.org/typescript/-/typescript-5.2.2.tgz",
      "integrity": "sha512-mI4WrpHsbCIcwT9cF4FZvr80QUeKvsUsUvKDoR+X/7XHQH98xYD8YHZg7ANtz2GtZt/CBq2QJ0thkGJMHfqc1w==",
      "peer": true
    }
  }
}
